// !$*UTF8*$!
{
	archiveVersion = 1;
	classes = {
	};
	objectVersion = 54;
	objects = {

/* Begin PBXBuildFile section */
		00E356F31AD99517003FC87E /* BigAlsSnowCastTests.m in Sources */ = {isa = PBXBuildFile; fileRef = 00E356F21AD99517003FC87E /* BigAlsSnowCastTests.m */; };
		07A21D19C8ACFF1ACF179F3C /* libPods-BigAlsSnowCast-BigAlsSnowCastTests.a in Frameworks */ = {isa = PBXBuildFile; fileRef = F8DA4ADA365267AD54FAEDF2 /* libPods-BigAlsSnowCast-BigAlsSnowCastTests.a */; };
		13B07FBC1A68108700A75B9A /* AppDelegate.m in Sources */ = {isa = PBXBuildFile; fileRef = 13B07FB01A68108700A75B9A /* AppDelegate.m */; };
		13B07FBF1A68108700A75B9A /* Images.xcassets in Resources */ = {isa = PBXBuildFile; fileRef = 13B07FB51A68108700A75B9A /* Images.xcassets */; };
		13B07FC11A68108700A75B9A /* main.m in Sources */ = {isa = PBXBuildFile; fileRef = 13B07FB71A68108700A75B9A /* main.m */; };
		14F0511683BD49FFAD9B6762 /* CrimsonText-SemiBoldItalic.ttf in Resources */ = {isa = PBXBuildFile; fileRef = B3193DD3EA88451DA90D6F82 /* CrimsonText-SemiBoldItalic.ttf */; };
		202508FE457CBA334D83CBCD /* libPods-BigAlsSnowCast.a in Frameworks */ = {isa = PBXBuildFile; fileRef = A31B3534B78B1FB1DCCB823E /* libPods-BigAlsSnowCast.a */; };
		239F874EB1D141ACBA9A71D8 /* EBGaramond-VariableFont_wght.ttf in Resources */ = {isa = PBXBuildFile; fileRef = A96DF5D80F35406A8B39D9A1 /* EBGaramond-VariableFont_wght.ttf */; };
		2F40EF902537445E8F042635 /* ABeeZee-Italic.ttf in Resources */ = {isa = PBXBuildFile; fileRef = 8315E29A1B3B453A9A986209 /* ABeeZee-Italic.ttf */; };
		3E86D55D5DFE444DB798391F /* CrimsonText-Italic.ttf in Resources */ = {isa = PBXBuildFile; fileRef = B34881F1443D4A81884B98A8 /* CrimsonText-Italic.ttf */; };
		48F244EA36BA45CE8581AA86 /* EBGaramond-Bold.ttf in Resources */ = {isa = PBXBuildFile; fileRef = D1C01ED9AE8F4A63B722EF81 /* EBGaramond-Bold.ttf */; };
		642C5F81811B4CFD930102D9 /* EBGaramond-Italic-VariableFont_wght.ttf in Resources */ = {isa = PBXBuildFile; fileRef = 837E3E8759574B30AAC697B9 /* EBGaramond-Italic-VariableFont_wght.ttf */; };
		68C41179CD3D400DA2697C33 /* CrimsonText-Bold.ttf in Resources */ = {isa = PBXBuildFile; fileRef = 4D434F8F938045E0810663A0 /* CrimsonText-Bold.ttf */; };
		6ADB378F2B074B44ADCFEDBB /* EBGaramond-MediumItalic.ttf in Resources */ = {isa = PBXBuildFile; fileRef = 4596C849CF0B4A3B80929C88 /* EBGaramond-MediumItalic.ttf */; };
		793C7965ED744A1DA3A5EE15 /* EBGaramond-Regular.ttf in Resources */ = {isa = PBXBuildFile; fileRef = E79AED4B72CF4A46B57B0B21 /* EBGaramond-Regular.ttf */; };
		81AB9BB82411601600AC10FF /* LaunchScreen.storyboard in Resources */ = {isa = PBXBuildFile; fileRef = 81AB9BB72411601600AC10FF /* LaunchScreen.storyboard */; };
		8DFC184B917B4874A9BDB6D1 /* CrimsonText-SemiBold.ttf in Resources */ = {isa = PBXBuildFile; fileRef = A225129944B14E9486ABC138 /* CrimsonText-SemiBold.ttf */; };
		9D23905F46944C6988CC7BE4 /* CrimsonText-Regular.ttf in Resources */ = {isa = PBXBuildFile; fileRef = 33471646791E4F5BAC68CCDF /* CrimsonText-Regular.ttf */; };
		AEA835E1B1F34AA6ADE2AB4F /* EBGaramond-SemiBoldItalic.ttf in Resources */ = {isa = PBXBuildFile; fileRef = 26D8660E51914F1A9A308629 /* EBGaramond-SemiBoldItalic.ttf */; };
		B0E17DDD22424C9586552D88 /* EBGaramond-Medium.ttf in Resources */ = {isa = PBXBuildFile; fileRef = 353C57C378854CE7BFF49E6C /* EBGaramond-Medium.ttf */; };
		B20259CD5474414CB1F87E39 /* EBGaramond-BoldItalic.ttf in Resources */ = {isa = PBXBuildFile; fileRef = 7C90F61F458041B99B290B5B /* EBGaramond-BoldItalic.ttf */; };
		C6944FBC75A74A17A9829831 /* EBGaramond-ExtraBold.ttf in Resources */ = {isa = PBXBuildFile; fileRef = 978CD99661A54737A6FE42AE /* EBGaramond-ExtraBold.ttf */; };
		D209A0D2427246688E8C542D /* EBGaramond-ExtraBoldItalic.ttf in Resources */ = {isa = PBXBuildFile; fileRef = 74AAFDEBA02643909AA705E6 /* EBGaramond-ExtraBoldItalic.ttf */; };
		D983E7EAFFEE4FCF83AF6478 /* EBGaramond-Italic.ttf in Resources */ = {isa = PBXBuildFile; fileRef = 477911CC17C143CC9BFDCA08 /* EBGaramond-Italic.ttf */; };
		F5DBA111F4264BAAA0F1F664 /* CrimsonText-BoldItalic.ttf in Resources */ = {isa = PBXBuildFile; fileRef = C2E493DD67C441E2B8AC8CF1 /* CrimsonText-BoldItalic.ttf */; };
		F6EA5A438C4A490CA2F15554 /* EBGaramond-SemiBold.ttf in Resources */ = {isa = PBXBuildFile; fileRef = F658B60A6FA44C0784232D78 /* EBGaramond-SemiBold.ttf */; };
		FB44FBEC7E3A4E7FAD0C44FB /* ABeeZee-Regular.ttf in Resources */ = {isa = PBXBuildFile; fileRef = 2548836F8882416CA49B6CA9 /* ABeeZee-Regular.ttf */; };
/* End PBXBuildFile section */

/* Begin PBXContainerItemProxy section */
		00E356F41AD99517003FC87E /* PBXContainerItemProxy */ = {
			isa = PBXContainerItemProxy;
			containerPortal = 83CBB9F71A601CBA00E9B192 /* Project object */;
			proxyType = 1;
			remoteGlobalIDString = 13B07F861A680F5B00A75B9A;
			remoteInfo = BigAlsSnowCast;
		};
/* End PBXContainerItemProxy section */

/* Begin PBXFileReference section */
		00E356EE1AD99517003FC87E /* BigAlsSnowCastTests.xctest */ = {isa = PBXFileReference; explicitFileType = wrapper.cfbundle; includeInIndex = 0; path = BigAlsSnowCastTests.xctest; sourceTree = BUILT_PRODUCTS_DIR; };
		00E356F11AD99517003FC87E /* Info.plist */ = {isa = PBXFileReference; lastKnownFileType = text.plist.xml; path = Info.plist; sourceTree = "<group>"; };
		00E356F21AD99517003FC87E /* BigAlsSnowCastTests.m */ = {isa = PBXFileReference; lastKnownFileType = sourcecode.c.objc; path = BigAlsSnowCastTests.m; sourceTree = "<group>"; };
		13B07F961A680F5B00A75B9A /* BigAlsSnowCast.app */ = {isa = PBXFileReference; explicitFileType = wrapper.application; includeInIndex = 0; path = BigAlsSnowCast.app; sourceTree = BUILT_PRODUCTS_DIR; };
		13B07FAF1A68108700A75B9A /* AppDelegate.h */ = {isa = PBXFileReference; fileEncoding = 4; lastKnownFileType = sourcecode.c.h; name = AppDelegate.h; path = BigAlsSnowCast/AppDelegate.h; sourceTree = "<group>"; };
		13B07FB01A68108700A75B9A /* AppDelegate.m */ = {isa = PBXFileReference; fileEncoding = 4; lastKnownFileType = sourcecode.c.objc; name = AppDelegate.m; path = BigAlsSnowCast/AppDelegate.m; sourceTree = "<group>"; };
		13B07FB51A68108700A75B9A /* Images.xcassets */ = {isa = PBXFileReference; lastKnownFileType = folder.assetcatalog; name = Images.xcassets; path = BigAlsSnowCast/Images.xcassets; sourceTree = "<group>"; };
		13B07FB61A68108700A75B9A /* Info.plist */ = {isa = PBXFileReference; fileEncoding = 4; lastKnownFileType = text.plist.xml; name = Info.plist; path = BigAlsSnowCast/Info.plist; sourceTree = "<group>"; };
		13B07FB71A68108700A75B9A /* main.m */ = {isa = PBXFileReference; fileEncoding = 4; lastKnownFileType = sourcecode.c.objc; name = main.m; path = BigAlsSnowCast/main.m; sourceTree = "<group>"; };
		2548836F8882416CA49B6CA9 /* ABeeZee-Regular.ttf */ = {isa = PBXFileReference; explicitFileType = undefined; fileEncoding = 9; includeInIndex = 0; lastKnownFileType = unknown; name = "ABeeZee-Regular.ttf"; path = "../assets/fonts/ABeeZee-Regular.ttf"; sourceTree = "<group>"; };
		26D8660E51914F1A9A308629 /* EBGaramond-SemiBoldItalic.ttf */ = {isa = PBXFileReference; explicitFileType = undefined; fileEncoding = 9; includeInIndex = 0; lastKnownFileType = unknown; name = "EBGaramond-SemiBoldItalic.ttf"; path = "../assets/fonts/EBGaramond-SemiBoldItalic.ttf"; sourceTree = "<group>"; };
		33471646791E4F5BAC68CCDF /* CrimsonText-Regular.ttf */ = {isa = PBXFileReference; explicitFileType = undefined; fileEncoding = 9; includeInIndex = 0; lastKnownFileType = unknown; name = "CrimsonText-Regular.ttf"; path = "../assets/fonts/CrimsonText-Regular.ttf"; sourceTree = "<group>"; };
		353C57C378854CE7BFF49E6C /* EBGaramond-Medium.ttf */ = {isa = PBXFileReference; explicitFileType = undefined; fileEncoding = 9; includeInIndex = 0; lastKnownFileType = unknown; name = "EBGaramond-Medium.ttf"; path = "../assets/fonts/EBGaramond-Medium.ttf"; sourceTree = "<group>"; };
		379045FB0549458E33E66AC5 /* Pods-BigAlsSnowCast-BigAlsSnowCastTests.debug.xcconfig */ = {isa = PBXFileReference; includeInIndex = 1; lastKnownFileType = text.xcconfig; name = "Pods-BigAlsSnowCast-BigAlsSnowCastTests.debug.xcconfig"; path = "Target Support Files/Pods-BigAlsSnowCast-BigAlsSnowCastTests/Pods-BigAlsSnowCast-BigAlsSnowCastTests.debug.xcconfig"; sourceTree = "<group>"; };
		4596C849CF0B4A3B80929C88 /* EBGaramond-MediumItalic.ttf */ = {isa = PBXFileReference; explicitFileType = undefined; fileEncoding = 9; includeInIndex = 0; lastKnownFileType = unknown; name = "EBGaramond-MediumItalic.ttf"; path = "../assets/fonts/EBGaramond-MediumItalic.ttf"; sourceTree = "<group>"; };
		477911CC17C143CC9BFDCA08 /* EBGaramond-Italic.ttf */ = {isa = PBXFileReference; explicitFileType = undefined; fileEncoding = 9; includeInIndex = 0; lastKnownFileType = unknown; name = "EBGaramond-Italic.ttf"; path = "../assets/fonts/EBGaramond-Italic.ttf"; sourceTree = "<group>"; };
		4D434F8F938045E0810663A0 /* CrimsonText-Bold.ttf */ = {isa = PBXFileReference; explicitFileType = undefined; fileEncoding = 9; includeInIndex = 0; lastKnownFileType = unknown; name = "CrimsonText-Bold.ttf"; path = "../assets/fonts/CrimsonText-Bold.ttf"; sourceTree = "<group>"; };
		5C965BFEED234C526A6F83A2 /* Pods-BigAlsSnowCast.debug.xcconfig */ = {isa = PBXFileReference; includeInIndex = 1; lastKnownFileType = text.xcconfig; name = "Pods-BigAlsSnowCast.debug.xcconfig"; path = "Target Support Files/Pods-BigAlsSnowCast/Pods-BigAlsSnowCast.debug.xcconfig"; sourceTree = "<group>"; };
		6EDC29D4C43ABC764C3601E5 /* Pods-BigAlsSnowCast-BigAlsSnowCastTests.release.xcconfig */ = {isa = PBXFileReference; includeInIndex = 1; lastKnownFileType = text.xcconfig; name = "Pods-BigAlsSnowCast-BigAlsSnowCastTests.release.xcconfig"; path = "Target Support Files/Pods-BigAlsSnowCast-BigAlsSnowCastTests/Pods-BigAlsSnowCast-BigAlsSnowCastTests.release.xcconfig"; sourceTree = "<group>"; };
		74AAFDEBA02643909AA705E6 /* EBGaramond-ExtraBoldItalic.ttf */ = {isa = PBXFileReference; explicitFileType = undefined; fileEncoding = 9; includeInIndex = 0; lastKnownFileType = unknown; name = "EBGaramond-ExtraBoldItalic.ttf"; path = "../assets/fonts/EBGaramond-ExtraBoldItalic.ttf"; sourceTree = "<group>"; };
		7C90F61F458041B99B290B5B /* EBGaramond-BoldItalic.ttf */ = {isa = PBXFileReference; explicitFileType = undefined; fileEncoding = 9; includeInIndex = 0; lastKnownFileType = unknown; name = "EBGaramond-BoldItalic.ttf"; path = "../assets/fonts/EBGaramond-BoldItalic.ttf"; sourceTree = "<group>"; };
		81AB9BB72411601600AC10FF /* LaunchScreen.storyboard */ = {isa = PBXFileReference; fileEncoding = 4; lastKnownFileType = file.storyboard; name = LaunchScreen.storyboard; path = BigAlsSnowCast/LaunchScreen.storyboard; sourceTree = "<group>"; };
		8315E29A1B3B453A9A986209 /* ABeeZee-Italic.ttf */ = {isa = PBXFileReference; explicitFileType = undefined; fileEncoding = 9; includeInIndex = 0; lastKnownFileType = unknown; name = "ABeeZee-Italic.ttf"; path = "../assets/fonts/ABeeZee-Italic.ttf"; sourceTree = "<group>"; };
		837E3E8759574B30AAC697B9 /* EBGaramond-Italic-VariableFont_wght.ttf */ = {isa = PBXFileReference; explicitFileType = undefined; fileEncoding = 9; includeInIndex = 0; lastKnownFileType = unknown; name = "EBGaramond-Italic-VariableFont_wght.ttf"; path = "../assets/fonts/EBGaramond-Italic-VariableFont_wght.ttf"; sourceTree = "<group>"; };
		978CD99661A54737A6FE42AE /* EBGaramond-ExtraBold.ttf */ = {isa = PBXFileReference; explicitFileType = undefined; fileEncoding = 9; includeInIndex = 0; lastKnownFileType = unknown; name = "EBGaramond-ExtraBold.ttf"; path = "../assets/fonts/EBGaramond-ExtraBold.ttf"; sourceTree = "<group>"; };
		A225129944B14E9486ABC138 /* CrimsonText-SemiBold.ttf */ = {isa = PBXFileReference; explicitFileType = undefined; fileEncoding = 9; includeInIndex = 0; lastKnownFileType = unknown; name = "CrimsonText-SemiBold.ttf"; path = "../assets/fonts/CrimsonText-SemiBold.ttf"; sourceTree = "<group>"; };
		A31B3534B78B1FB1DCCB823E /* libPods-BigAlsSnowCast.a */ = {isa = PBXFileReference; explicitFileType = archive.ar; includeInIndex = 0; path = "libPods-BigAlsSnowCast.a"; sourceTree = BUILT_PRODUCTS_DIR; };
		A96DF5D80F35406A8B39D9A1 /* EBGaramond-VariableFont_wght.ttf */ = {isa = PBXFileReference; explicitFileType = undefined; fileEncoding = 9; includeInIndex = 0; lastKnownFileType = unknown; name = "EBGaramond-VariableFont_wght.ttf"; path = "../assets/fonts/EBGaramond-VariableFont_wght.ttf"; sourceTree = "<group>"; };
		B3193DD3EA88451DA90D6F82 /* CrimsonText-SemiBoldItalic.ttf */ = {isa = PBXFileReference; explicitFileType = undefined; fileEncoding = 9; includeInIndex = 0; lastKnownFileType = unknown; name = "CrimsonText-SemiBoldItalic.ttf"; path = "../assets/fonts/CrimsonText-SemiBoldItalic.ttf"; sourceTree = "<group>"; };
		B34881F1443D4A81884B98A8 /* CrimsonText-Italic.ttf */ = {isa = PBXFileReference; explicitFileType = undefined; fileEncoding = 9; includeInIndex = 0; lastKnownFileType = unknown; name = "CrimsonText-Italic.ttf"; path = "../assets/fonts/CrimsonText-Italic.ttf"; sourceTree = "<group>"; };
		C2E493DD67C441E2B8AC8CF1 /* CrimsonText-BoldItalic.ttf */ = {isa = PBXFileReference; explicitFileType = undefined; fileEncoding = 9; includeInIndex = 0; lastKnownFileType = unknown; name = "CrimsonText-BoldItalic.ttf"; path = "../assets/fonts/CrimsonText-BoldItalic.ttf"; sourceTree = "<group>"; };
		D1C01ED9AE8F4A63B722EF81 /* EBGaramond-Bold.ttf */ = {isa = PBXFileReference; explicitFileType = undefined; fileEncoding = 9; includeInIndex = 0; lastKnownFileType = unknown; name = "EBGaramond-Bold.ttf"; path = "../assets/fonts/EBGaramond-Bold.ttf"; sourceTree = "<group>"; };
		E79AED4B72CF4A46B57B0B21 /* EBGaramond-Regular.ttf */ = {isa = PBXFileReference; explicitFileType = undefined; fileEncoding = 9; includeInIndex = 0; lastKnownFileType = unknown; name = "EBGaramond-Regular.ttf"; path = "../assets/fonts/EBGaramond-Regular.ttf"; sourceTree = "<group>"; };
		EAC819F8A28244BA62247220 /* Pods-BigAlsSnowCast.release.xcconfig */ = {isa = PBXFileReference; includeInIndex = 1; lastKnownFileType = text.xcconfig; name = "Pods-BigAlsSnowCast.release.xcconfig"; path = "Target Support Files/Pods-BigAlsSnowCast/Pods-BigAlsSnowCast.release.xcconfig"; sourceTree = "<group>"; };
		ED297162215061F000B7C4FE /* JavaScriptCore.framework */ = {isa = PBXFileReference; lastKnownFileType = wrapper.framework; name = JavaScriptCore.framework; path = System/Library/Frameworks/JavaScriptCore.framework; sourceTree = SDKROOT; };
		F658B60A6FA44C0784232D78 /* EBGaramond-SemiBold.ttf */ = {isa = PBXFileReference; explicitFileType = undefined; fileEncoding = 9; includeInIndex = 0; lastKnownFileType = unknown; name = "EBGaramond-SemiBold.ttf"; path = "../assets/fonts/EBGaramond-SemiBold.ttf"; sourceTree = "<group>"; };
		F8DA4ADA365267AD54FAEDF2 /* libPods-BigAlsSnowCast-BigAlsSnowCastTests.a */ = {isa = PBXFileReference; explicitFileType = archive.ar; includeInIndex = 0; path = "libPods-BigAlsSnowCast-BigAlsSnowCastTests.a"; sourceTree = BUILT_PRODUCTS_DIR; };
/* End PBXFileReference section */

/* Begin PBXFrameworksBuildPhase section */
		00E356EB1AD99517003FC87E /* Frameworks */ = {
			isa = PBXFrameworksBuildPhase;
			buildActionMask = 2147483647;
			files = (
				07A21D19C8ACFF1ACF179F3C /* libPods-BigAlsSnowCast-BigAlsSnowCastTests.a in Frameworks */,
			);
			runOnlyForDeploymentPostprocessing = 0;
		};
		13B07F8C1A680F5B00A75B9A /* Frameworks */ = {
			isa = PBXFrameworksBuildPhase;
			buildActionMask = 2147483647;
			files = (
				202508FE457CBA334D83CBCD /* libPods-BigAlsSnowCast.a in Frameworks */,
			);
			runOnlyForDeploymentPostprocessing = 0;
		};
/* End PBXFrameworksBuildPhase section */

/* Begin PBXGroup section */
		00E356EF1AD99517003FC87E /* BigAlsSnowCastTests */ = {
			isa = PBXGroup;
			children = (
				00E356F21AD99517003FC87E /* BigAlsSnowCastTests.m */,
				00E356F01AD99517003FC87E /* Supporting Files */,
			);
			path = BigAlsSnowCastTests;
			sourceTree = "<group>";
		};
		00E356F01AD99517003FC87E /* Supporting Files */ = {
			isa = PBXGroup;
			children = (
				00E356F11AD99517003FC87E /* Info.plist */,
			);
			name = "Supporting Files";
			sourceTree = "<group>";
		};
		13B07FAE1A68108700A75B9A /* BigAlsSnowCast */ = {
			isa = PBXGroup;
			children = (
				13B07FAF1A68108700A75B9A /* AppDelegate.h */,
				13B07FB01A68108700A75B9A /* AppDelegate.m */,
				13B07FB51A68108700A75B9A /* Images.xcassets */,
				13B07FB61A68108700A75B9A /* Info.plist */,
				81AB9BB72411601600AC10FF /* LaunchScreen.storyboard */,
				13B07FB71A68108700A75B9A /* main.m */,
			);
			name = BigAlsSnowCast;
			sourceTree = "<group>";
		};
		2D16E6871FA4F8E400B85C8A /* Frameworks */ = {
			isa = PBXGroup;
			children = (
				ED297162215061F000B7C4FE /* JavaScriptCore.framework */,
				A31B3534B78B1FB1DCCB823E /* libPods-BigAlsSnowCast.a */,
				F8DA4ADA365267AD54FAEDF2 /* libPods-BigAlsSnowCast-BigAlsSnowCastTests.a */,
			);
			name = Frameworks;
			sourceTree = "<group>";
		};
		3CB085B3C479451DA7FD7D80 /* Resources */ = {
			isa = PBXGroup;
			children = (
				8315E29A1B3B453A9A986209 /* ABeeZee-Italic.ttf */,
				2548836F8882416CA49B6CA9 /* ABeeZee-Regular.ttf */,
				4D434F8F938045E0810663A0 /* CrimsonText-Bold.ttf */,
				C2E493DD67C441E2B8AC8CF1 /* CrimsonText-BoldItalic.ttf */,
				B34881F1443D4A81884B98A8 /* CrimsonText-Italic.ttf */,
				33471646791E4F5BAC68CCDF /* CrimsonText-Regular.ttf */,
				A225129944B14E9486ABC138 /* CrimsonText-SemiBold.ttf */,
				B3193DD3EA88451DA90D6F82 /* CrimsonText-SemiBoldItalic.ttf */,
				D1C01ED9AE8F4A63B722EF81 /* EBGaramond-Bold.ttf */,
				7C90F61F458041B99B290B5B /* EBGaramond-BoldItalic.ttf */,
				978CD99661A54737A6FE42AE /* EBGaramond-ExtraBold.ttf */,
				74AAFDEBA02643909AA705E6 /* EBGaramond-ExtraBoldItalic.ttf */,
				837E3E8759574B30AAC697B9 /* EBGaramond-Italic-VariableFont_wght.ttf */,
				477911CC17C143CC9BFDCA08 /* EBGaramond-Italic.ttf */,
				353C57C378854CE7BFF49E6C /* EBGaramond-Medium.ttf */,
				4596C849CF0B4A3B80929C88 /* EBGaramond-MediumItalic.ttf */,
				E79AED4B72CF4A46B57B0B21 /* EBGaramond-Regular.ttf */,
				F658B60A6FA44C0784232D78 /* EBGaramond-SemiBold.ttf */,
				26D8660E51914F1A9A308629 /* EBGaramond-SemiBoldItalic.ttf */,
				A96DF5D80F35406A8B39D9A1 /* EBGaramond-VariableFont_wght.ttf */,
			);
			name = Resources;
			sourceTree = "<group>";
		};
		832341AE1AAA6A7D00B99B32 /* Libraries */ = {
			isa = PBXGroup;
			children = (
			);
			name = Libraries;
			sourceTree = "<group>";
		};
		83CBB9F61A601CBA00E9B192 = {
			isa = PBXGroup;
			children = (
				13B07FAE1A68108700A75B9A /* BigAlsSnowCast */,
				832341AE1AAA6A7D00B99B32 /* Libraries */,
				00E356EF1AD99517003FC87E /* BigAlsSnowCastTests */,
				83CBBA001A601CBA00E9B192 /* Products */,
				2D16E6871FA4F8E400B85C8A /* Frameworks */,
				D0594A095ABA4D1AF1893E4C /* Pods */,
				3CB085B3C479451DA7FD7D80 /* Resources */,
			);
			indentWidth = 2;
			sourceTree = "<group>";
			tabWidth = 2;
			usesTabs = 0;
		};
		83CBBA001A601CBA00E9B192 /* Products */ = {
			isa = PBXGroup;
			children = (
				13B07F961A680F5B00A75B9A /* BigAlsSnowCast.app */,
				00E356EE1AD99517003FC87E /* BigAlsSnowCastTests.xctest */,
			);
			name = Products;
			sourceTree = "<group>";
		};
		D0594A095ABA4D1AF1893E4C /* Pods */ = {
			isa = PBXGroup;
			children = (
				5C965BFEED234C526A6F83A2 /* Pods-BigAlsSnowCast.debug.xcconfig */,
				EAC819F8A28244BA62247220 /* Pods-BigAlsSnowCast.release.xcconfig */,
				379045FB0549458E33E66AC5 /* Pods-BigAlsSnowCast-BigAlsSnowCastTests.debug.xcconfig */,
				6EDC29D4C43ABC764C3601E5 /* Pods-BigAlsSnowCast-BigAlsSnowCastTests.release.xcconfig */,
			);
			path = Pods;
			sourceTree = "<group>";
		};
/* End PBXGroup section */

/* Begin PBXNativeTarget section */
		00E356ED1AD99517003FC87E /* BigAlsSnowCastTests */ = {
			isa = PBXNativeTarget;
			buildConfigurationList = 00E357021AD99517003FC87E /* Build configuration list for PBXNativeTarget "BigAlsSnowCastTests" */;
			buildPhases = (
				CDBD3D04B56584C26283C6E1 /* [CP] Check Pods Manifest.lock */,
				00E356EA1AD99517003FC87E /* Sources */,
				00E356EB1AD99517003FC87E /* Frameworks */,
				00E356EC1AD99517003FC87E /* Resources */,
				4B43145F2E4D5FFC130450C9 /* [CP] Embed Pods Frameworks */,
				5E0505319B52D04ECBAEE057 /* [CP] Copy Pods Resources */,
			);
			buildRules = (
			);
			dependencies = (
				00E356F51AD99517003FC87E /* PBXTargetDependency */,
			);
			name = BigAlsSnowCastTests;
			productName = BigAlsSnowCastTests;
			productReference = 00E356EE1AD99517003FC87E /* BigAlsSnowCastTests.xctest */;
			productType = "com.apple.product-type.bundle.unit-test";
		};
		13B07F861A680F5B00A75B9A /* BigAlsSnowCast */ = {
			isa = PBXNativeTarget;
			buildConfigurationList = 13B07F931A680F5B00A75B9A /* Build configuration list for PBXNativeTarget "BigAlsSnowCast" */;
			buildPhases = (
				02997B9C81B4F657D3290188 /* [CP] Check Pods Manifest.lock */,
				FD10A7F022414F080027D42C /* Start Packager */,
				13B07F871A680F5B00A75B9A /* Sources */,
				13B07F8C1A680F5B00A75B9A /* Frameworks */,
				13B07F8E1A680F5B00A75B9A /* Resources */,
				00DD1BFF1BD5951E006B06BC /* Bundle React Native code and images */,
				D1958917DD41DEBA45581E70 /* [CP] Embed Pods Frameworks */,
				A2F172872310FF194C958B15 /* [CP] Copy Pods Resources */,
			);
			buildRules = (
			);
			dependencies = (
			);
			name = BigAlsSnowCast;
			productName = BigAlsSnowCast;
			productReference = 13B07F961A680F5B00A75B9A /* BigAlsSnowCast.app */;
			productType = "com.apple.product-type.application";
		};
/* End PBXNativeTarget section */

/* Begin PBXProject section */
		83CBB9F71A601CBA00E9B192 /* Project object */ = {
			isa = PBXProject;
			attributes = {
				LastUpgradeCheck = 1250;
				TargetAttributes = {
					00E356ED1AD99517003FC87E = {
						CreatedOnToolsVersion = 6.2;
						TestTargetID = 13B07F861A680F5B00A75B9A;
					};
					13B07F861A680F5B00A75B9A = {
						LastSwiftMigration = 1120;
					};
				};
			};
			buildConfigurationList = 83CBB9FA1A601CBA00E9B192 /* Build configuration list for PBXProject "BigAlsSnowCast" */;
			compatibilityVersion = "Xcode 12.0";
			developmentRegion = en;
			hasScannedForEncodings = 0;
			knownRegions = (
				en,
				Base,
			);
			mainGroup = 83CBB9F61A601CBA00E9B192;
			productRefGroup = 83CBBA001A601CBA00E9B192 /* Products */;
			projectDirPath = "";
			projectRoot = "";
			targets = (
				13B07F861A680F5B00A75B9A /* BigAlsSnowCast */,
				00E356ED1AD99517003FC87E /* BigAlsSnowCastTests */,
			);
		};
/* End PBXProject section */

/* Begin PBXResourcesBuildPhase section */
		00E356EC1AD99517003FC87E /* Resources */ = {
			isa = PBXResourcesBuildPhase;
			buildActionMask = 2147483647;
			files = (
			);
			runOnlyForDeploymentPostprocessing = 0;
		};
		13B07F8E1A680F5B00A75B9A /* Resources */ = {
			isa = PBXResourcesBuildPhase;
			buildActionMask = 2147483647;
			files = (
				81AB9BB82411601600AC10FF /* LaunchScreen.storyboard in Resources */,
				13B07FBF1A68108700A75B9A /* Images.xcassets in Resources */,
				2F40EF902537445E8F042635 /* ABeeZee-Italic.ttf in Resources */,
				FB44FBEC7E3A4E7FAD0C44FB /* ABeeZee-Regular.ttf in Resources */,
				68C41179CD3D400DA2697C33 /* CrimsonText-Bold.ttf in Resources */,
				F5DBA111F4264BAAA0F1F664 /* CrimsonText-BoldItalic.ttf in Resources */,
				3E86D55D5DFE444DB798391F /* CrimsonText-Italic.ttf in Resources */,
				9D23905F46944C6988CC7BE4 /* CrimsonText-Regular.ttf in Resources */,
				8DFC184B917B4874A9BDB6D1 /* CrimsonText-SemiBold.ttf in Resources */,
				14F0511683BD49FFAD9B6762 /* CrimsonText-SemiBoldItalic.ttf in Resources */,
				48F244EA36BA45CE8581AA86 /* EBGaramond-Bold.ttf in Resources */,
				B20259CD5474414CB1F87E39 /* EBGaramond-BoldItalic.ttf in Resources */,
				C6944FBC75A74A17A9829831 /* EBGaramond-ExtraBold.ttf in Resources */,
				D209A0D2427246688E8C542D /* EBGaramond-ExtraBoldItalic.ttf in Resources */,
				642C5F81811B4CFD930102D9 /* EBGaramond-Italic-VariableFont_wght.ttf in Resources */,
				D983E7EAFFEE4FCF83AF6478 /* EBGaramond-Italic.ttf in Resources */,
				B0E17DDD22424C9586552D88 /* EBGaramond-Medium.ttf in Resources */,
				6ADB378F2B074B44ADCFEDBB /* EBGaramond-MediumItalic.ttf in Resources */,
				793C7965ED744A1DA3A5EE15 /* EBGaramond-Regular.ttf in Resources */,
				F6EA5A438C4A490CA2F15554 /* EBGaramond-SemiBold.ttf in Resources */,
				AEA835E1B1F34AA6ADE2AB4F /* EBGaramond-SemiBoldItalic.ttf in Resources */,
				239F874EB1D141ACBA9A71D8 /* EBGaramond-VariableFont_wght.ttf in Resources */,
			);
			runOnlyForDeploymentPostprocessing = 0;
		};
/* End PBXResourcesBuildPhase section */

/* Begin PBXShellScriptBuildPhase section */
		00DD1BFF1BD5951E006B06BC /* Bundle React Native code and images */ = {
			isa = PBXShellScriptBuildPhase;
			buildActionMask = 2147483647;
			files = (
			);
			inputPaths = (
			);
			name = "Bundle React Native code and images";
			outputPaths = (
			);
			runOnlyForDeploymentPostprocessing = 0;
			shellPath = /bin/sh;
			shellScript = "set -e\n\nexport NODE_BINARY=node\n../node_modules/react-native/scripts/react-native-xcode.sh\n";
		};
		02997B9C81B4F657D3290188 /* [CP] Check Pods Manifest.lock */ = {
			isa = PBXShellScriptBuildPhase;
			buildActionMask = 2147483647;
			files = (
			);
			inputFileListPaths = (
			);
			inputPaths = (
				"${PODS_PODFILE_DIR_PATH}/Podfile.lock",
				"${PODS_ROOT}/Manifest.lock",
			);
			name = "[CP] Check Pods Manifest.lock";
			outputFileListPaths = (
			);
			outputPaths = (
				"$(DERIVED_FILE_DIR)/Pods-BigAlsSnowCast-checkManifestLockResult.txt",
			);
			runOnlyForDeploymentPostprocessing = 0;
			shellPath = /bin/sh;
			shellScript = "diff \"${PODS_PODFILE_DIR_PATH}/Podfile.lock\" \"${PODS_ROOT}/Manifest.lock\" > /dev/null\nif [ $? != 0 ] ; then\n    # print error to STDERR\n    echo \"error: The sandbox is not in sync with the Podfile.lock. Run 'pod install' or update your CocoaPods installation.\" >&2\n    exit 1\nfi\n# This output is used by Xcode 'outputs' to avoid re-running this script phase.\necho \"SUCCESS\" > \"${SCRIPT_OUTPUT_FILE_0}\"\n";
			showEnvVarsInLog = 0;
		};
		4B43145F2E4D5FFC130450C9 /* [CP] Embed Pods Frameworks */ = {
			isa = PBXShellScriptBuildPhase;
			buildActionMask = 2147483647;
			files = (
			);
			inputFileListPaths = (
				"${PODS_ROOT}/Target Support Files/Pods-BigAlsSnowCast-BigAlsSnowCastTests/Pods-BigAlsSnowCast-BigAlsSnowCastTests-frameworks-${CONFIGURATION}-input-files.xcfilelist",
			);
			name = "[CP] Embed Pods Frameworks";
			outputFileListPaths = (
				"${PODS_ROOT}/Target Support Files/Pods-BigAlsSnowCast-BigAlsSnowCastTests/Pods-BigAlsSnowCast-BigAlsSnowCastTests-frameworks-${CONFIGURATION}-output-files.xcfilelist",
			);
			runOnlyForDeploymentPostprocessing = 0;
			shellPath = /bin/sh;
			shellScript = "\"${PODS_ROOT}/Target Support Files/Pods-BigAlsSnowCast-BigAlsSnowCastTests/Pods-BigAlsSnowCast-BigAlsSnowCastTests-frameworks.sh\"\n";
			showEnvVarsInLog = 0;
		};
		5E0505319B52D04ECBAEE057 /* [CP] Copy Pods Resources */ = {
			isa = PBXShellScriptBuildPhase;
			buildActionMask = 2147483647;
			files = (
			);
			inputFileListPaths = (
				"${PODS_ROOT}/Target Support Files/Pods-BigAlsSnowCast-BigAlsSnowCastTests/Pods-BigAlsSnowCast-BigAlsSnowCastTests-resources-${CONFIGURATION}-input-files.xcfilelist",
			);
			name = "[CP] Copy Pods Resources";
			outputFileListPaths = (
				"${PODS_ROOT}/Target Support Files/Pods-BigAlsSnowCast-BigAlsSnowCastTests/Pods-BigAlsSnowCast-BigAlsSnowCastTests-resources-${CONFIGURATION}-output-files.xcfilelist",
			);
			runOnlyForDeploymentPostprocessing = 0;
			shellPath = /bin/sh;
			shellScript = "\"${PODS_ROOT}/Target Support Files/Pods-BigAlsSnowCast-BigAlsSnowCastTests/Pods-BigAlsSnowCast-BigAlsSnowCastTests-resources.sh\"\n";
			showEnvVarsInLog = 0;
		};
		A2F172872310FF194C958B15 /* [CP] Copy Pods Resources */ = {
			isa = PBXShellScriptBuildPhase;
			buildActionMask = 2147483647;
			files = (
			);
			inputFileListPaths = (
				"${PODS_ROOT}/Target Support Files/Pods-BigAlsSnowCast/Pods-BigAlsSnowCast-resources-${CONFIGURATION}-input-files.xcfilelist",
			);
			name = "[CP] Copy Pods Resources";
			outputFileListPaths = (
				"${PODS_ROOT}/Target Support Files/Pods-BigAlsSnowCast/Pods-BigAlsSnowCast-resources-${CONFIGURATION}-output-files.xcfilelist",
			);
			runOnlyForDeploymentPostprocessing = 0;
			shellPath = /bin/sh;
			shellScript = "\"${PODS_ROOT}/Target Support Files/Pods-BigAlsSnowCast/Pods-BigAlsSnowCast-resources.sh\"\n";
			showEnvVarsInLog = 0;
		};
		CDBD3D04B56584C26283C6E1 /* [CP] Check Pods Manifest.lock */ = {
			isa = PBXShellScriptBuildPhase;
			buildActionMask = 2147483647;
			files = (
			);
			inputFileListPaths = (
			);
			inputPaths = (
				"${PODS_PODFILE_DIR_PATH}/Podfile.lock",
				"${PODS_ROOT}/Manifest.lock",
			);
			name = "[CP] Check Pods Manifest.lock";
			outputFileListPaths = (
			);
			outputPaths = (
				"$(DERIVED_FILE_DIR)/Pods-BigAlsSnowCast-BigAlsSnowCastTests-checkManifestLockResult.txt",
			);
			runOnlyForDeploymentPostprocessing = 0;
			shellPath = /bin/sh;
			shellScript = "diff \"${PODS_PODFILE_DIR_PATH}/Podfile.lock\" \"${PODS_ROOT}/Manifest.lock\" > /dev/null\nif [ $? != 0 ] ; then\n    # print error to STDERR\n    echo \"error: The sandbox is not in sync with the Podfile.lock. Run 'pod install' or update your CocoaPods installation.\" >&2\n    exit 1\nfi\n# This output is used by Xcode 'outputs' to avoid re-running this script phase.\necho \"SUCCESS\" > \"${SCRIPT_OUTPUT_FILE_0}\"\n";
			showEnvVarsInLog = 0;
		};
		D1958917DD41DEBA45581E70 /* [CP] Embed Pods Frameworks */ = {
			isa = PBXShellScriptBuildPhase;
			buildActionMask = 2147483647;
			files = (
			);
			inputFileListPaths = (
				"${PODS_ROOT}/Target Support Files/Pods-BigAlsSnowCast/Pods-BigAlsSnowCast-frameworks-${CONFIGURATION}-input-files.xcfilelist",
			);
			name = "[CP] Embed Pods Frameworks";
			outputFileListPaths = (
				"${PODS_ROOT}/Target Support Files/Pods-BigAlsSnowCast/Pods-BigAlsSnowCast-frameworks-${CONFIGURATION}-output-files.xcfilelist",
			);
			runOnlyForDeploymentPostprocessing = 0;
			shellPath = /bin/sh;
			shellScript = "\"${PODS_ROOT}/Target Support Files/Pods-BigAlsSnowCast/Pods-BigAlsSnowCast-frameworks.sh\"\n";
			showEnvVarsInLog = 0;
		};
		FD10A7F022414F080027D42C /* Start Packager */ = {
			isa = PBXShellScriptBuildPhase;
			buildActionMask = 2147483647;
			files = (
			);
			inputFileListPaths = (
			);
			inputPaths = (
			);
			name = "Start Packager";
			outputFileListPaths = (
			);
			outputPaths = (
			);
			runOnlyForDeploymentPostprocessing = 0;
			shellPath = /bin/sh;
			shellScript = "export RCT_METRO_PORT=\"${RCT_METRO_PORT:=8081}\"\necho \"export RCT_METRO_PORT=${RCT_METRO_PORT}\" > \"${SRCROOT}/../node_modules/react-native/scripts/.packager.env\"\nif [ -z \"${RCT_NO_LAUNCH_PACKAGER+xxx}\" ] ; then\n  if nc -w 5 -z localhost ${RCT_METRO_PORT} ; then\n    if ! curl -s \"http://localhost:${RCT_METRO_PORT}/status\" | grep -q \"packager-status:running\" ; then\n      echo \"Port ${RCT_METRO_PORT} already in use, packager is either not running or not running correctly\"\n      exit 2\n    fi\n  else\n    open \"$SRCROOT/../node_modules/react-native/scripts/launchPackager.command\" || echo \"Can't start packager automatically\"\n  fi\nfi\n";
			showEnvVarsInLog = 0;
		};
/* End PBXShellScriptBuildPhase section */

/* Begin PBXSourcesBuildPhase section */
		00E356EA1AD99517003FC87E /* Sources */ = {
			isa = PBXSourcesBuildPhase;
			buildActionMask = 2147483647;
			files = (
				00E356F31AD99517003FC87E /* BigAlsSnowCastTests.m in Sources */,
			);
			runOnlyForDeploymentPostprocessing = 0;
		};
		13B07F871A680F5B00A75B9A /* Sources */ = {
			isa = PBXSourcesBuildPhase;
			buildActionMask = 2147483647;
			files = (
				13B07FBC1A68108700A75B9A /* AppDelegate.m in Sources */,
				13B07FC11A68108700A75B9A /* main.m in Sources */,
			);
			runOnlyForDeploymentPostprocessing = 0;
		};
/* End PBXSourcesBuildPhase section */

/* Begin PBXTargetDependency section */
		00E356F51AD99517003FC87E /* PBXTargetDependency */ = {
			isa = PBXTargetDependency;
			target = 13B07F861A680F5B00A75B9A /* BigAlsSnowCast */;
			targetProxy = 00E356F41AD99517003FC87E /* PBXContainerItemProxy */;
		};
/* End PBXTargetDependency section */

/* Begin XCBuildConfiguration section */
		00E356F61AD99517003FC87E /* Debug */ = {
			isa = XCBuildConfiguration;
			baseConfigurationReference = 379045FB0549458E33E66AC5 /* Pods-BigAlsSnowCast-BigAlsSnowCastTests.debug.xcconfig */;
			buildSettings = {
				ALWAYS_EMBED_SWIFT_STANDARD_LIBRARIES = YES;
				BUNDLE_LOADER = "$(TEST_HOST)";
				"CODE_SIGN_IDENTITY[sdk=macosx*]" = "Apple Development";
				DEVELOPMENT_TEAM = 435CRXR8C9;
				GCC_PREPROCESSOR_DEFINITIONS = (
					"DEBUG=1",
					"$(inherited)",
				);
				INFOPLIST_FILE = BigAlsSnowCastTests/Info.plist;
				IPHONEOS_DEPLOYMENT_TARGET = 12.0;
				LD_RUNPATH_SEARCH_PATHS = (
					"$(inherited)",
					"@executable_path/Frameworks",
					"@loader_path/Frameworks",
				);
				OTHER_LDFLAGS = (
					"-ObjC",
					"-lc++",
					"$(inherited)",
				);
				PRODUCT_BUNDLE_IDENTIFIER = "org.reactjs.native.example.$(PRODUCT_NAME:rfc1034identifier)";
				PRODUCT_NAME = "$(TARGET_NAME)";
				TEST_HOST = "$(BUILT_PRODUCTS_DIR)/BigAlsSnowCast.app/BigAlsSnowCast";
			};
			name = Debug;
		};
		00E356F71AD99517003FC87E /* Release */ = {
			isa = XCBuildConfiguration;
			baseConfigurationReference = 6EDC29D4C43ABC764C3601E5 /* Pods-BigAlsSnowCast-BigAlsSnowCastTests.release.xcconfig */;
			buildSettings = {
				ALWAYS_EMBED_SWIFT_STANDARD_LIBRARIES = YES;
				BUNDLE_LOADER = "$(TEST_HOST)";
				"CODE_SIGN_IDENTITY[sdk=macosx*]" = "Apple Development";
				COPY_PHASE_STRIP = NO;
				DEVELOPMENT_TEAM = 435CRXR8C9;
				INFOPLIST_FILE = BigAlsSnowCastTests/Info.plist;
				IPHONEOS_DEPLOYMENT_TARGET = 12.0;
				LD_RUNPATH_SEARCH_PATHS = (
					"$(inherited)",
					"@executable_path/Frameworks",
					"@loader_path/Frameworks",
				);
				OTHER_LDFLAGS = (
					"-ObjC",
					"-lc++",
					"$(inherited)",
				);
				PRODUCT_BUNDLE_IDENTIFIER = "org.reactjs.native.example.$(PRODUCT_NAME:rfc1034identifier)";
				PRODUCT_NAME = "$(TARGET_NAME)";
				TEST_HOST = "$(BUILT_PRODUCTS_DIR)/BigAlsSnowCast.app/BigAlsSnowCast";
			};
			name = Release;
		};
		13B07F941A680F5B00A75B9A /* Debug */ = {
			isa = XCBuildConfiguration;
			baseConfigurationReference = 5C965BFEED234C526A6F83A2 /* Pods-BigAlsSnowCast.debug.xcconfig */;
			buildSettings = {
				ASSETCATALOG_COMPILER_APPICON_NAME = AppIcon;
				CLANG_ENABLE_MODULES = YES;
				CURRENT_PROJECT_VERSION = 1;
				DEVELOPMENT_TEAM = 435CRXR8C9;
				ENABLE_BITCODE = NO;
				INFOPLIST_FILE = BigAlsSnowCast/Info.plist;
				LD_RUNPATH_SEARCH_PATHS = (
					"$(inherited)",
					"@executable_path/Frameworks",
				);
				OTHER_LDFLAGS = (
					"$(inherited)",
					"-ObjC",
					"-lc++",
				);
				PRODUCT_BUNDLE_IDENTIFIER = com.macakz.bigalssnowcast;
				PRODUCT_NAME = BigAlsSnowCast;
				SWIFT_OPTIMIZATION_LEVEL = "-Onone";
				SWIFT_VERSION = 5.0;
				VERSIONING_SYSTEM = "apple-generic";
			};
			name = Debug;
		};
		13B07F951A680F5B00A75B9A /* Release */ = {
			isa = XCBuildConfiguration;
			baseConfigurationReference = EAC819F8A28244BA62247220 /* Pods-BigAlsSnowCast.release.xcconfig */;
			buildSettings = {
				ASSETCATALOG_COMPILER_APPICON_NAME = AppIcon;
				CLANG_ENABLE_MODULES = YES;
				CURRENT_PROJECT_VERSION = 1;
				DEVELOPMENT_TEAM = 435CRXR8C9;
				INFOPLIST_FILE = BigAlsSnowCast/Info.plist;
				LD_RUNPATH_SEARCH_PATHS = (
					"$(inherited)",
					"@executable_path/Frameworks",
				);
				OTHER_LDFLAGS = (
					"$(inherited)",
					"-ObjC",
					"-lc++",
				);
				PRODUCT_BUNDLE_IDENTIFIER = com.macakz.bigalssnowcast;
				PRODUCT_NAME = BigAlsSnowCast;
				SWIFT_VERSION = 5.0;
				VERSIONING_SYSTEM = "apple-generic";
			};
			name = Release;
		};
		83CBBA201A601CBA00E9B192 /* Debug */ = {
			isa = XCBuildConfiguration;
			buildSettings = {
				ALWAYS_SEARCH_USER_PATHS = NO;
				CLANG_ANALYZER_LOCALIZABILITY_NONLOCALIZED = YES;
				CLANG_CXX_LANGUAGE_STANDARD = "gnu++0x";
				CLANG_CXX_LIBRARY = "libc++";
				CLANG_ENABLE_MODULES = YES;
				CLANG_ENABLE_OBJC_ARC = YES;
				CLANG_WARN_BLOCK_CAPTURE_AUTORELEASING = YES;
				CLANG_WARN_BOOL_CONVERSION = YES;
				CLANG_WARN_COMMA = YES;
				CLANG_WARN_CONSTANT_CONVERSION = YES;
				CLANG_WARN_DEPRECATED_OBJC_IMPLEMENTATIONS = YES;
				CLANG_WARN_DIRECT_OBJC_ISA_USAGE = YES_ERROR;
				CLANG_WARN_EMPTY_BODY = YES;
				CLANG_WARN_ENUM_CONVERSION = YES;
				CLANG_WARN_INFINITE_RECURSION = YES;
				CLANG_WARN_INT_CONVERSION = YES;
				CLANG_WARN_NON_LITERAL_NULL_CONVERSION = YES;
				CLANG_WARN_OBJC_IMPLICIT_RETAIN_SELF = YES;
				CLANG_WARN_OBJC_LITERAL_CONVERSION = YES;
				CLANG_WARN_OBJC_ROOT_CLASS = YES_ERROR;
				CLANG_WARN_QUOTED_INCLUDE_IN_FRAMEWORK_HEADER = YES;
				CLANG_WARN_RANGE_LOOP_ANALYSIS = YES;
				CLANG_WARN_STRICT_PROTOTYPES = YES;
				CLANG_WARN_SUSPICIOUS_MOVE = YES;
				CLANG_WARN_UNREACHABLE_CODE = YES;
				CLANG_WARN__DUPLICATE_METHOD_MATCH = YES;
				"CODE_SIGN_IDENTITY[sdk=iphoneos*]" = "iPhone Developer";
				COPY_PHASE_STRIP = NO;
				ENABLE_STRICT_OBJC_MSGSEND = YES;
				ENABLE_TESTABILITY = YES;
				"EXCLUDED_ARCHS[sdk=iphonesimulator*]" = "arm64 ";
				GCC_C_LANGUAGE_STANDARD = gnu99;
				GCC_DYNAMIC_NO_PIC = NO;
				GCC_NO_COMMON_BLOCKS = YES;
				GCC_OPTIMIZATION_LEVEL = 0;
				GCC_PREPROCESSOR_DEFINITIONS = (
					"DEBUG=1",
					"$(inherited)",
				);
				GCC_SYMBOLS_PRIVATE_EXTERN = NO;
				GCC_WARN_64_TO_32_BIT_CONVERSION = YES;
				GCC_WARN_ABOUT_RETURN_TYPE = YES_ERROR;
				GCC_WARN_UNDECLARED_SELECTOR = YES;
				GCC_WARN_UNINITIALIZED_AUTOS = YES_AGGRESSIVE;
				GCC_WARN_UNUSED_FUNCTION = YES;
				GCC_WARN_UNUSED_VARIABLE = YES;
				IPHONEOS_DEPLOYMENT_TARGET = 12.0;
				LD_RUNPATH_SEARCH_PATHS = (
					/usr/lib/swift,
					"$(inherited)",
				);
				LIBRARY_SEARCH_PATHS = (
					"\"$(TOOLCHAIN_DIR)/usr/lib/swift/$(PLATFORM_NAME)\"",
					"\"$(TOOLCHAIN_DIR)/usr/lib/swift-5.0/$(PLATFORM_NAME)\"",
					"\"$(inherited)\"",
				);
				MTL_ENABLE_DEBUG_INFO = YES;
				ONLY_ACTIVE_ARCH = YES;
				SDKROOT = iphoneos;
			};
			name = Debug;
		};
		83CBBA211A601CBA00E9B192 /* Release */ = {
			isa = XCBuildConfiguration;
			buildSettings = {
				ALWAYS_SEARCH_USER_PATHS = NO;
				CLANG_ANALYZER_LOCALIZABILITY_NONLOCALIZED = YES;
				CLANG_CXX_LANGUAGE_STANDARD = "gnu++0x";
				CLANG_CXX_LIBRARY = "libc++";
				CLANG_ENABLE_MODULES = YES;
				CLANG_ENABLE_OBJC_ARC = YES;
				CLANG_WARN_BLOCK_CAPTURE_AUTORELEASING = YES;
				CLANG_WARN_BOOL_CONVERSION = YES;
				CLANG_WARN_COMMA = YES;
				CLANG_WARN_CONSTANT_CONVERSION = YES;
				CLANG_WARN_DEPRECATED_OBJC_IMPLEMENTATIONS = YES;
				CLANG_WARN_DIRECT_OBJC_ISA_USAGE = YES_ERROR;
				CLANG_WARN_EMPTY_BODY = YES;
				CLANG_WARN_ENUM_CONVERSION = YES;
				CLANG_WARN_INFINITE_RECURSION = YES;
				CLANG_WARN_INT_CONVERSION = YES;
				CLANG_WARN_NON_LITERAL_NULL_CONVERSION = YES;
				CLANG_WARN_OBJC_IMPLICIT_RETAIN_SELF = YES;
				CLANG_WARN_OBJC_LITERAL_CONVERSION = YES;
				CLANG_WARN_OBJC_ROOT_CLASS = YES_ERROR;
				CLANG_WARN_QUOTED_INCLUDE_IN_FRAMEWORK_HEADER = YES;
				CLANG_WARN_RANGE_LOOP_ANALYSIS = YES;
				CLANG_WARN_STRICT_PROTOTYPES = YES;
				CLANG_WARN_SUSPICIOUS_MOVE = YES;
				CLANG_WARN_UNREACHABLE_CODE = YES;
				CLANG_WARN__DUPLICATE_METHOD_MATCH = YES;
				"CODE_SIGN_IDENTITY[sdk=iphoneos*]" = "iPhone Developer";
				COPY_PHASE_STRIP = YES;
				ENABLE_NS_ASSERTIONS = NO;
				ENABLE_STRICT_OBJC_MSGSEND = YES;
				"EXCLUDED_ARCHS[sdk=iphonesimulator*]" = "arm64 ";
				GCC_C_LANGUAGE_STANDARD = gnu99;
				GCC_NO_COMMON_BLOCKS = YES;
				GCC_WARN_64_TO_32_BIT_CONVERSION = YES;
				GCC_WARN_ABOUT_RETURN_TYPE = YES_ERROR;
				GCC_WARN_UNDECLARED_SELECTOR = YES;
				GCC_WARN_UNINITIALIZED_AUTOS = YES_AGGRESSIVE;
				GCC_WARN_UNUSED_FUNCTION = YES;
				GCC_WARN_UNUSED_VARIABLE = YES;
				IPHONEOS_DEPLOYMENT_TARGET = 12.0;
				LD_RUNPATH_SEARCH_PATHS = (
					/usr/lib/swift,
					"$(inherited)",
				);
				LIBRARY_SEARCH_PATHS = (
					"\"$(TOOLCHAIN_DIR)/usr/lib/swift/$(PLATFORM_NAME)\"",
					"\"$(TOOLCHAIN_DIR)/usr/lib/swift-5.0/$(PLATFORM_NAME)\"",
					"\"$(inherited)\"",
				);
				MTL_ENABLE_DEBUG_INFO = NO;
				SDKROOT = iphoneos;
				VALIDATE_PRODUCT = YES;
			};
			name = Release;
		};
/* End XCBuildConfiguration section */

/* Begin XCConfigurationList section */
		00E357021AD99517003FC87E /* Build configuration list for PBXNativeTarget "BigAlsSnowCastTests" */ = {
			isa = XCConfigurationList;
			buildConfigurations = (
				00E356F61AD99517003FC87E /* Debug */,
				00E356F71AD99517003FC87E /* Release */,
			);
			defaultConfigurationIsVisible = 0;
			defaultConfigurationName = Release;
		};
		13B07F931A680F5B00A75B9A /* Build configuration list for PBXNativeTarget "BigAlsSnowCast" */ = {
			isa = XCConfigurationList;
			buildConfigurations = (
				13B07F941A680F5B00A75B9A /* Debug */,
				13B07F951A680F5B00A75B9A /* Release */,
			);
			defaultConfigurationIsVisible = 0;
			defaultConfigurationName = Release;
		};
		83CBB9FA1A601CBA00E9B192 /* Build configuration list for PBXProject "BigAlsSnowCast" */ = {
			isa = XCConfigurationList;
			buildConfigurations = (
				83CBBA201A601CBA00E9B192 /* Debug */,
				83CBBA211A601CBA00E9B192 /* Release */,
			);
			defaultConfigurationIsVisible = 0;
			defaultConfigurationName = Release;
		};
/* End XCConfigurationList section */
	};
	rootObject = 83CBB9F71A601CBA00E9B192 /* Project object */;
}
